
Microsoft Visual Studio Solution File, Format Version 12.00
# Visual Studio 15
VisualStudioVersion = 15.0.27703.2000
MinimumVisualStudioVersion = 10.0.40219.1
Project("{FAE04EC0-301F-11D3-BF4B-00C04F79EFBC}") = "AutomationCore", "AutomationDemoPoC\AutomationCore.csproj", "{D5F9C21C-5B63-4D0A-BD45-09EC8B3EF1DD}"
EndProject
Project("{FAE04EC0-301F-11D3-BF4B-00C04F79EFBC}") = "AutomationWeb", "AutomationWeb\AutomationWeb.csproj", "{66897ED0-3F7E-46A2-A834-4200659A3E77}"
EndProject
Project("{FAE04EC0-301F-11D3-BF4B-00C04F79EFBC}") = "AutomationWinForms", "AutomationWinForms\AutomationWinForms.csproj", "{BBAF4160-2E7B-4EB0-9498-D369C70F1C30}"
EndProject
Global
	GlobalSection(SolutionConfigurationPlatforms) = preSolution
		Debug|Any CPU = Debug|Any CPU
		Release|Any CPU = Release|Any CPU
	EndGlobalSection
	GlobalSection(ProjectConfigurationPlatforms) = postSolution
		{D5F9C21C-5B63-4D0A-BD45-09EC8B3EF1DD}.Debug|Any CPU.ActiveCfg = Debug|Any CPU
		{D5F9C21C-5B63-4D0A-BD45-09EC8B3EF1DD}.Debug|Any CPU.Build.0 = Debug|Any CPU
		{D5F9C21C-5B63-4D0A-BD45-09EC8B3EF1DD}.Release|Any CPU.ActiveCfg = Release|Any CPU
		{D5F9C21C-5B63-4D0A-BD45-09EC8B3EF1DD}.Release|Any CPU.Build.0 = Release|Any CPU
		{66897ED0-3F7E-46A2-A834-4200659A3E77}.Debug|Any CPU.ActiveCfg = Debug|Any CPU
		{66897ED0-3F7E-46A2-A834-4200659A3E77}.Debug|Any CPU.Build.0 = Debug|Any CPU
		{66897ED0-3F7E-46A2-A834-4200659A3E77}.Release|Any CPU.ActiveCfg = Release|Any CPU
		{66897ED0-3F7E-46A2-A834-4200659A3E77}.Release|Any CPU.Build.0 = Release|Any CPU
		{BBAF4160-2E7B-4EB0-9498-D369C70F1C30}.Debug|Any CPU.ActiveCfg = Debug|Any CPU
		{BBAF4160-2E7B-4EB0-9498-D369C70F1C30}.Debug|Any CPU.Build.0 = Debug|Any CPU
		{BBAF4160-2E7B-4EB0-9498-D369C70F1C30}.Release|Any CPU.ActiveCfg = Release|Any CPU
		{BBAF4160-2E7B-4EB0-9498-D369C70F1C30}.Release|Any CPU.Build.0 = Release|Any CPU
	EndGlobalSection
	GlobalSection(SolutionProperties) = preSolution
		HideSolutionNode = FALSE
	EndGlobalSection
	GlobalSection(ExtensibilityGlobals) = postSolution
		SolutionGuid = {CEB7EC71-2592-420A-8221-9113B937EAF6}
	EndGlobalSection
EndGlobal
